
Microsoft Visual Studio Solution File, Format Version 12.00
# Visual Studio Version 17
VisualStudioVersion = 17.0.31903.59
MinimumVisualStudioVersion = 10.0.40219.1
Project("{2150E333-8FDC-42A3-9474-1A3956D46DE8}") = "src", "src", "{827E0CD3-B72D-47B6-A68D-7590B98EB39B}"
EndProject
Project("{FAE04EC0-301F-11D3-BF4B-00C04F79EFBC}") = "TaskManager.API", "src\TaskManager.API\TaskManager.API.csproj", "{A8AB291D-53C8-4586-BD41-6A1540957BC3}"
EndProject
Project("{FAE04EC0-301F-11D3-BF4B-00C04F79EFBC}") = "TaskManager.Application", "src\TaskManager.Application\TaskManager.Application.csproj", "{93B4C467-2F11-4024-A40D-430C63942420}"
EndProject
Project("{FAE04EC0-301F-11D3-BF4B-00C04F79EFBC}") = "TaskManager.Infrastructure", "src\TaskManager.Infrastructure\TaskManager.Infrastructure.csproj", "{CE1A44D1-FEA0-424D-B6D9-7E600EA1B7AB}"
EndProject
Project("{FAE04EC0-301F-11D3-BF4B-00C04F79EFBC}") = "TaskManager.Domain", "src\TaskManager.Domain\TaskManager.Domain.csproj", "{E489BB86-3663-4502-9242-56B5A44DDDD5}"
EndProject
Project("{2150E333-8FDC-42A3-9474-1A3956D46DE8}") = "tests", "tests", "{0AB3BF05-4346-4AA6-1389-037BE0695223}"
EndProject
Project("{FAE04EC0-301F-11D3-BF4B-00C04F79EFBC}") = "TaskManager.Tests", "tests\TaskManager.Tests\TaskManager.Tests.csproj", "{C70A9A3A-0AC7-460C-A34B-6F3F9E62A1EF}"
EndProject
Global
	GlobalSection(SolutionConfigurationPlatforms) = preSolution
		Debug|Any CPU = Debug|Any CPU
		Debug|x64 = Debug|x64
		Debug|x86 = Debug|x86
		Release|Any CPU = Release|Any CPU
		Release|x64 = Release|x64
		Release|x86 = Release|x86
	EndGlobalSection
	GlobalSection(ProjectConfigurationPlatforms) = postSolution
		{A8AB291D-53C8-4586-BD41-6A1540957BC3}.Debug|Any CPU.ActiveCfg = Debug|Any CPU
		{A8AB291D-53C8-4586-BD41-6A1540957BC3}.Debug|Any CPU.Build.0 = Debug|Any CPU
		{A8AB291D-53C8-4586-BD41-6A1540957BC3}.Debug|x64.ActiveCfg = Debug|Any CPU
		{A8AB291D-53C8-4586-BD41-6A1540957BC3}.Debug|x64.Build.0 = Debug|Any CPU
		{A8AB291D-53C8-4586-BD41-6A1540957BC3}.Debug|x86.ActiveCfg = Debug|Any CPU
		{A8AB291D-53C8-4586-BD41-6A1540957BC3}.Debug|x86.Build.0 = Debug|Any CPU
		{A8AB291D-53C8-4586-BD41-6A1540957BC3}.Release|Any CPU.ActiveCfg = Release|Any CPU
		{A8AB291D-53C8-4586-BD41-6A1540957BC3}.Release|Any CPU.Build.0 = Release|Any CPU
		{A8AB291D-53C8-4586-BD41-6A1540957BC3}.Release|x64.ActiveCfg = Release|Any CPU
		{A8AB291D-53C8-4586-BD41-6A1540957BC3}.Release|x64.Build.0 = Release|Any CPU
		{A8AB291D-53C8-4586-BD41-6A1540957BC3}.Release|x86.ActiveCfg = Release|Any CPU
		{A8AB291D-53C8-4586-BD41-6A1540957BC3}.Release|x86.Build.0 = Release|Any CPU
		{93B4C467-2F11-4024-A40D-430C63942420}.Debug|Any CPU.ActiveCfg = Debug|Any CPU
		{93B4C467-2F11-4024-A40D-430C63942420}.Debug|Any CPU.Build.0 = Debug|Any CPU
		{93B4C467-2F11-4024-A40D-430C63942420}.Debug|x64.ActiveCfg = Debug|Any CPU
		{93B4C467-2F11-4024-A40D-430C63942420}.Debug|x64.Build.0 = Debug|Any CPU
		{93B4C467-2F11-4024-A40D-430C63942420}.Debug|x86.ActiveCfg = Debug|Any CPU
		{93B4C467-2F11-4024-A40D-430C63942420}.Debug|x86.Build.0 = Debug|Any CPU
		{93B4C467-2F11-4024-A40D-430C63942420}.Release|Any CPU.ActiveCfg = Release|Any CPU
		{93B4C467-2F11-4024-A40D-430C63942420}.Release|Any CPU.Build.0 = Release|Any CPU
		{93B4C467-2F11-4024-A40D-430C63942420}.Release|x64.ActiveCfg = Release|Any CPU
		{93B4C467-2F11-4024-A40D-430C63942420}.Release|x64.Build.0 = Release|Any CPU
		{93B4C467-2F11-4024-A40D-430C63942420}.Release|x86.ActiveCfg = Release|Any CPU
		{93B4C467-2F11-4024-A40D-430C63942420}.Release|x86.Build.0 = Release|Any CPU
		{CE1A44D1-FEA0-424D-B6D9-7E600EA1B7AB}.Debug|Any CPU.ActiveCfg = Debug|Any CPU
		{CE1A44D1-FEA0-424D-B6D9-7E600EA1B7AB}.Debug|Any CPU.Build.0 = Debug|Any CPU
		{CE1A44D1-FEA0-424D-B6D9-7E600EA1B7AB}.Debug|x64.ActiveCfg = Debug|Any CPU
		{CE1A44D1-FEA0-424D-B6D9-7E600EA1B7AB}.Debug|x64.Build.0 = Debug|Any CPU
		{CE1A44D1-FEA0-424D-B6D9-7E600EA1B7AB}.Debug|x86.ActiveCfg = Debug|Any CPU
		{CE1A44D1-FEA0-424D-B6D9-7E600EA1B7AB}.Debug|x86.Build.0 = Debug|Any CPU
		{CE1A44D1-FEA0-424D-B6D9-7E600EA1B7AB}.Release|Any CPU.ActiveCfg = Release|Any CPU
		{CE1A44D1-FEA0-424D-B6D9-7E600EA1B7AB}.Release|Any CPU.Build.0 = Release|Any CPU
		{CE1A44D1-FEA0-424D-B6D9-7E600EA1B7AB}.Release|x64.ActiveCfg = Release|Any CPU
		{CE1A44D1-FEA0-424D-B6D9-7E600EA1B7AB}.Release|x64.Build.0 = Release|Any CPU
		{CE1A44D1-FEA0-424D-B6D9-7E600EA1B7AB}.Release|x86.ActiveCfg = Release|Any CPU
		{CE1A44D1-FEA0-424D-B6D9-7E600EA1B7AB}.Release|x86.Build.0 = Release|Any CPU
		{E489BB86-3663-4502-9242-56B5A44DDDD5}.Debug|Any CPU.ActiveCfg = Debug|Any CPU
		{E489BB86-3663-4502-9242-56B5A44DDDD5}.Debug|Any CPU.Build.0 = Debug|Any CPU
		{E489BB86-3663-4502-9242-56B5A44DDDD5}.Debug|x64.ActiveCfg = Debug|Any CPU
		{E489BB86-3663-4502-9242-56B5A44DDDD5}.Debug|x64.Build.0 = Debug|Any CPU
		{E489BB86-3663-4502-9242-56B5A44DDDD5}.Debug|x86.ActiveCfg = Debug|Any CPU
		{E489BB86-3663-4502-9242-56B5A44DDDD5}.Debug|x86.Build.0 = Debug|Any CPU
		{E489BB86-3663-4502-9242-56B5A44DDDD5}.Release|Any CPU.ActiveCfg = Release|Any CPU
		{E489BB86-3663-4502-9242-56B5A44DDDD5}.Release|Any CPU.Build.0 = Release|Any CPU
		{E489BB86-3663-4502-9242-56B5A44DDDD5}.Release|x64.ActiveCfg = Release|Any CPU
		{E489BB86-3663-4502-9242-56B5A44DDDD5}.Release|x64.Build.0 = Release|Any CPU
		{E489BB86-3663-4502-9242-56B5A44DDDD5}.Release|x86.ActiveCfg = Release|Any CPU
		{E489BB86-3663-4502-9242-56B5A44DDDD5}.Release|x86.Build.0 = Release|Any CPU
		{C70A9A3A-0AC7-460C-A34B-6F3F9E62A1EF}.Debug|Any CPU.ActiveCfg = Debug|Any CPU
		{C70A9A3A-0AC7-460C-A34B-6F3F9E62A1EF}.Debug|Any CPU.Build.0 = Debug|Any CPU
		{C70A9A3A-0AC7-460C-A34B-6F3F9E62A1EF}.Debug|x64.ActiveCfg = Debug|Any CPU
		{C70A9A3A-0AC7-460C-A34B-6F3F9E62A1EF}.Debug|x64.Build.0 = Debug|Any CPU
		{C70A9A3A-0AC7-460C-A34B-6F3F9E62A1EF}.Debug|x86.ActiveCfg = Debug|Any CPU
		{C70A9A3A-0AC7-460C-A34B-6F3F9E62A1EF}.Debug|x86.Build.0 = Debug|Any CPU
		{C70A9A3A-0AC7-460C-A34B-6F3F9E62A1EF}.Release|Any CPU.ActiveCfg = Release|Any CPU
		{C70A9A3A-0AC7-460C-A34B-6F3F9E62A1EF}.Release|Any CPU.Build.0 = Release|Any CPU
		{C70A9A3A-0AC7-460C-A34B-6F3F9E62A1EF}.Release|x64.ActiveCfg = Release|Any CPU
		{C70A9A3A-0AC7-460C-A34B-6F3F9E62A1EF}.Release|x64.Build.0 = Release|Any CPU
		{C70A9A3A-0AC7-460C-A34B-6F3F9E62A1EF}.Release|x86.ActiveCfg = Release|Any CPU
		{C70A9A3A-0AC7-460C-A34B-6F3F9E62A1EF}.Release|x86.Build.0 = Release|Any CPU
	EndGlobalSection
	GlobalSection(SolutionProperties) = preSolution
		HideSolutionNode = FALSE
	EndGlobalSection
	GlobalSection(NestedProjects) = preSolution
		{A8AB291D-53C8-4586-BD41-6A1540957BC3} = {827E0CD3-B72D-47B6-A68D-7590B98EB39B}
		{93B4C467-2F11-4024-A40D-430C63942420} = {827E0CD3-B72D-47B6-A68D-7590B98EB39B}
		{CE1A44D1-FEA0-424D-B6D9-7E600EA1B7AB} = {827E0CD3-B72D-47B6-A68D-7590B98EB39B}
		{E489BB86-3663-4502-9242-56B5A44DDDD5} = {827E0CD3-B72D-47B6-A68D-7590B98EB39B}
		{C70A9A3A-0AC7-460C-A34B-6F3F9E62A1EF} = {0AB3BF05-4346-4AA6-1389-037BE0695223}
	EndGlobalSection
EndGlobal
